{
  "originHash" : "5ebf8e444e04b727a08067becd7f879ffe79474a34edfcea4f995eaab6999279",
  "pins" : [
    {
      "identity" : "pretendardkit",
      "kind" : "remoteSourceControl",
      "location" : "https://github.com/wookeon/PretendardKit.git",
      "state" : {
        "revision" : "d8362d8ecee86c297f2784fa453037136914bc2c",
        "version" : "1.0.0"
      }
    },
    {
      "identity" : "rxswift",
      "kind" : "remoteSourceControl",
      "location" : "https://github.com/ReactiveX/RxSwift.git",
      "state" : {
        "revision" : "5004a18539bd68905c5939aa893075f578f4f03d",
        "version" : "6.9.1"
      }
    },
    {
      "identity" : "swift-collections",
      "kind" : "remoteSourceControl",
      "location" : "https://github.com/apple/swift-collections.git",
      "state" : {
        "revision" : "671108c96644956dddcd89dd59c203dcdb36cec7",
        "version" : "1.1.4"
      }
    }
  ],
  "version" : 3
}
