// !$*UTF8*$!
{
	archiveVersion = 1;
	classes = {
	};
	objectVersion = 56;
	objects = {

/* Begin PBXBuildFile section */
		01DC4B538F565897139BADB9 /* Pods_BJJ_iOS.framework in Frameworks */ = {isa = PBXBuildFile; fileRef = EC754E488571841B3C012092 /* Pods_BJJ_iOS.framework */; };
		3016EF23BF999F3B2938CB21 /* Pods_BJJ_iOS_BJJ_iOSUITests.framework in Frameworks */ = {isa = PBXBuildFile; fileRef = CDC484312245658E58CCA3D6 /* Pods_BJJ_iOS_BJJ_iOSUITests.framework */; };
		35ED9F4BBC05537E532973D0 /* Pods_BJJ_iOSTests.framework in Frameworks */ = {isa = PBXBuildFile; fileRef = 183A6B16AAF9BFE808F0C4D0 /* Pods_BJJ_iOSTests.framework */; };
		3F16131D2CD8487800A30369 /* MenuInfo.swift in Sources */ = {isa = PBXBuildFile; fileRef = 3F16131C2CD8487800A30369 /* MenuInfo.swift */; };
		3F16131F2CD84D0E00A30369 /* MenuInfoCell.swift in Sources */ = {isa = PBXBuildFile; fileRef = 3F16131E2CD84D0E00A30369 /* MenuInfoCell.swift */; };
		3F1613212CD84E0800A30369 /* MenuInfoHeaderView.swift in Sources */ = {isa = PBXBuildFile; fileRef = 3F1613202CD84E0800A30369 /* MenuInfoHeaderView.swift */; };
		3F25B3E92CB282D7005C0907 /* AppDelegate.swift in Sources */ = {isa = PBXBuildFile; fileRef = 3F25B3E82CB282D7005C0907 /* AppDelegate.swift */; };
		3F25B3EB2CB282D7005C0907 /* SceneDelegate.swift in Sources */ = {isa = PBXBuildFile; fileRef = 3F25B3EA2CB282D7005C0907 /* SceneDelegate.swift */; };
		3F25B3ED2CB282D7005C0907 /* HomeViewController.swift in Sources */ = {isa = PBXBuildFile; fileRef = 3F25B3EC2CB282D7005C0907 /* HomeViewController.swift */; };
		3F25B3F22CB282D8005C0907 /* Assets.xcassets in Resources */ = {isa = PBXBuildFile; fileRef = 3F25B3F12CB282D8005C0907 /* Assets.xcassets */; };
		3F25B3F52CB282D8005C0907 /* Base in Resources */ = {isa = PBXBuildFile; fileRef = 3F25B3F42CB282D8005C0907 /* Base */; };
		3F25B4002CB282D8005C0907 /* BJJ_iOSTests.swift in Sources */ = {isa = PBXBuildFile; fileRef = 3F25B3FF2CB282D8005C0907 /* BJJ_iOSTests.swift */; };
		3F25B40A2CB282D8005C0907 /* BJJ_iOSUITests.swift in Sources */ = {isa = PBXBuildFile; fileRef = 3F25B4092CB282D8005C0907 /* BJJ_iOSUITests.swift */; };
		3F25B40C2CB282D8005C0907 /* BJJ_iOSUITestsLaunchTests.swift in Sources */ = {isa = PBXBuildFile; fileRef = 3F25B40B2CB282D8005C0907 /* BJJ_iOSUITestsLaunchTests.swift */; };
		3F3AB7D72CB397F40013FABA /* HomeMenuRatingView.swift in Sources */ = {isa = PBXBuildFile; fileRef = 3F3AB7D62CB397F40013FABA /* HomeMenuRatingView.swift */; };
		3F3AB7D92CB3D59C0013FABA /* HomeTopView.swift in Sources */ = {isa = PBXBuildFile; fileRef = 3F3AB7D82CB3D59C0013FABA /* HomeTopView.swift */; };
		3F47B9E82CD7716C00F8E2CB /* UIImage++Extensions.swift in Sources */ = {isa = PBXBuildFile; fileRef = 3F47B9E72CD7716C00F8E2CB /* UIImage++Extensions.swift */; };
		3F61DF4B2CB3149600A019E8 /* HomeSection.swift in Sources */ = {isa = PBXBuildFile; fileRef = 3F61DF4A2CB3149600A019E8 /* HomeSection.swift */; };
		3F61DF4D2CB31B1A00A019E8 /* HomeCafeteriaCell.swift in Sources */ = {isa = PBXBuildFile; fileRef = 3F61DF4C2CB31B1A00A019E8 /* HomeCafeteriaCell.swift */; };
		3F61DF4F2CB31B2E00A019E8 /* HomeMenuCell.swift in Sources */ = {isa = PBXBuildFile; fileRef = 3F61DF4E2CB31B2E00A019E8 /* HomeMenuCell.swift */; };
		3F61DF512CB31CCD00A019E8 /* UILabel++Extensions.swift in Sources */ = {isa = PBXBuildFile; fileRef = 3F61DF502CB31CCD00A019E8 /* UILabel++Extensions.swift */; };
		3F61DF532CB320A900A019E8 /* UIButton++Extensions.swift in Sources */ = {isa = PBXBuildFile; fileRef = 3F61DF522CB320A900A019E8 /* UIButton++Extensions.swift */; };
		3F6F565E2CB2975C00A43EF6 /* UIFont++Extensions.swift in Sources */ = {isa = PBXBuildFile; fileRef = 3F6F565D2CB2975C00A43EF6 /* UIFont++Extensions.swift */; };
		3F996E572CD649C100910DE7 /* UIViewController++Extensions.swift in Sources */ = {isa = PBXBuildFile; fileRef = 3F996E562CD649C100910DE7 /* UIViewController++Extensions.swift */; };
		3F996E612CD64D9800910DE7 /* MenuReviewViewController.swift in Sources */ = {isa = PBXBuildFile; fileRef = 3F996E602CD64D9800910DE7 /* MenuReviewViewController.swift */; };
		3FBA45B12CD749730038960A /* MenuHeader.swift in Sources */ = {isa = PBXBuildFile; fileRef = 3FBA45B02CD749730038960A /* MenuHeader.swift */; };
		3FEDD49F2CB2B3A8009617A5 /* PretendardKit in Frameworks */ = {isa = PBXBuildFile; productRef = 3FEDD49E2CB2B3A8009617A5 /* PretendardKit */; };
		3FEDD4A12CB2B499009617A5 /* UIColor++Extensions.swift in Sources */ = {isa = PBXBuildFile; fileRef = 3FEDD4A02CB2B499009617A5 /* UIColor++Extensions.swift */; };
/* End PBXBuildFile section */

/* Begin PBXContainerItemProxy section */
		3F25B3FC2CB282D8005C0907 /* PBXContainerItemProxy */ = {
			isa = PBXContainerItemProxy;
			containerPortal = 3F25B3DD2CB282D7005C0907 /* Project object */;
			proxyType = 1;
			remoteGlobalIDString = 3F25B3E42CB282D7005C0907;
			remoteInfo = BJJ_iOS;
		};
		3F25B4062CB282D8005C0907 /* PBXContainerItemProxy */ = {
			isa = PBXContainerItemProxy;
			containerPortal = 3F25B3DD2CB282D7005C0907 /* Project object */;
			proxyType = 1;
			remoteGlobalIDString = 3F25B3E42CB282D7005C0907;
			remoteInfo = BJJ_iOS;
		};
/* End PBXContainerItemProxy section */

/* Begin PBXFileReference section */
		12F648792F2CC9262FB5F176 /* Pods-BJJ_iOS.debug.xcconfig */ = {isa = PBXFileReference; includeInIndex = 1; lastKnownFileType = text.xcconfig; name = "Pods-BJJ_iOS.debug.xcconfig"; path = "Target Support Files/Pods-BJJ_iOS/Pods-BJJ_iOS.debug.xcconfig"; sourceTree = "<group>"; };
		183A6B16AAF9BFE808F0C4D0 /* Pods_BJJ_iOSTests.framework */ = {isa = PBXFileReference; explicitFileType = wrapper.framework; includeInIndex = 0; path = Pods_BJJ_iOSTests.framework; sourceTree = BUILT_PRODUCTS_DIR; };
		3F16131C2CD8487800A30369 /* MenuInfo.swift */ = {isa = PBXFileReference; lastKnownFileType = sourcecode.swift; path = MenuInfo.swift; sourceTree = "<group>"; };
		3F16131E2CD84D0E00A30369 /* MenuInfoCell.swift */ = {isa = PBXFileReference; lastKnownFileType = sourcecode.swift; path = MenuInfoCell.swift; sourceTree = "<group>"; };
		3F1613202CD84E0800A30369 /* MenuInfoHeaderView.swift */ = {isa = PBXFileReference; lastKnownFileType = sourcecode.swift; path = MenuInfoHeaderView.swift; sourceTree = "<group>"; };
		3F25B3E52CB282D7005C0907 /* BJJ_iOS.app */ = {isa = PBXFileReference; explicitFileType = wrapper.application; includeInIndex = 0; path = BJJ_iOS.app; sourceTree = BUILT_PRODUCTS_DIR; };
		3F25B3E82CB282D7005C0907 /* AppDelegate.swift */ = {isa = PBXFileReference; lastKnownFileType = sourcecode.swift; path = AppDelegate.swift; sourceTree = "<group>"; };
		3F25B3EA2CB282D7005C0907 /* SceneDelegate.swift */ = {isa = PBXFileReference; lastKnownFileType = sourcecode.swift; path = SceneDelegate.swift; sourceTree = "<group>"; };
		3F25B3EC2CB282D7005C0907 /* HomeViewController.swift */ = {isa = PBXFileReference; lastKnownFileType = sourcecode.swift; path = HomeViewController.swift; sourceTree = "<group>"; };
		3F25B3F12CB282D8005C0907 /* Assets.xcassets */ = {isa = PBXFileReference; lastKnownFileType = folder.assetcatalog; path = Assets.xcassets; sourceTree = "<group>"; };
		3F25B3F42CB282D8005C0907 /* Base */ = {isa = PBXFileReference; lastKnownFileType = file.storyboard; name = Base; path = Base.lproj/LaunchScreen.storyboard; sourceTree = "<group>"; };
		3F25B3F62CB282D8005C0907 /* Info.plist */ = {isa = PBXFileReference; lastKnownFileType = text.plist.xml; path = Info.plist; sourceTree = "<group>"; };
		3F25B3FB2CB282D8005C0907 /* BJJ_iOSTests.xctest */ = {isa = PBXFileReference; explicitFileType = wrapper.cfbundle; includeInIndex = 0; path = BJJ_iOSTests.xctest; sourceTree = BUILT_PRODUCTS_DIR; };
		3F25B3FF2CB282D8005C0907 /* BJJ_iOSTests.swift */ = {isa = PBXFileReference; lastKnownFileType = sourcecode.swift; path = BJJ_iOSTests.swift; sourceTree = "<group>"; };
		3F25B4052CB282D8005C0907 /* BJJ_iOSUITests.xctest */ = {isa = PBXFileReference; explicitFileType = wrapper.cfbundle; includeInIndex = 0; path = BJJ_iOSUITests.xctest; sourceTree = BUILT_PRODUCTS_DIR; };
		3F25B4092CB282D8005C0907 /* BJJ_iOSUITests.swift */ = {isa = PBXFileReference; lastKnownFileType = sourcecode.swift; path = BJJ_iOSUITests.swift; sourceTree = "<group>"; };
		3F25B40B2CB282D8005C0907 /* BJJ_iOSUITestsLaunchTests.swift */ = {isa = PBXFileReference; lastKnownFileType = sourcecode.swift; path = BJJ_iOSUITestsLaunchTests.swift; sourceTree = "<group>"; };
		3F3AB7D62CB397F40013FABA /* HomeMenuRatingView.swift */ = {isa = PBXFileReference; lastKnownFileType = sourcecode.swift; path = HomeMenuRatingView.swift; sourceTree = "<group>"; };
		3F3AB7D82CB3D59C0013FABA /* HomeTopView.swift */ = {isa = PBXFileReference; lastKnownFileType = sourcecode.swift; path = HomeTopView.swift; sourceTree = "<group>"; };
		3F47B9E72CD7716C00F8E2CB /* UIImage++Extensions.swift */ = {isa = PBXFileReference; lastKnownFileType = sourcecode.swift; path = "UIImage++Extensions.swift"; sourceTree = "<group>"; };
		3F61DF4A2CB3149600A019E8 /* HomeSection.swift */ = {isa = PBXFileReference; lastKnownFileType = sourcecode.swift; path = HomeSection.swift; sourceTree = "<group>"; };
		3F61DF4C2CB31B1A00A019E8 /* HomeCafeteriaCell.swift */ = {isa = PBXFileReference; lastKnownFileType = sourcecode.swift; path = HomeCafeteriaCell.swift; sourceTree = "<group>"; };
		3F61DF4E2CB31B2E00A019E8 /* HomeMenuCell.swift */ = {isa = PBXFileReference; lastKnownFileType = sourcecode.swift; path = HomeMenuCell.swift; sourceTree = "<group>"; };
		3F61DF502CB31CCD00A019E8 /* UILabel++Extensions.swift */ = {isa = PBXFileReference; lastKnownFileType = sourcecode.swift; path = "UILabel++Extensions.swift"; sourceTree = "<group>"; };
		3F61DF522CB320A900A019E8 /* UIButton++Extensions.swift */ = {isa = PBXFileReference; lastKnownFileType = sourcecode.swift; path = "UIButton++Extensions.swift"; sourceTree = "<group>"; };
		3F6F565D2CB2975C00A43EF6 /* UIFont++Extensions.swift */ = {isa = PBXFileReference; lastKnownFileType = sourcecode.swift; path = "UIFont++Extensions.swift"; sourceTree = "<group>"; };
		3F996E562CD649C100910DE7 /* UIViewController++Extensions.swift */ = {isa = PBXFileReference; lastKnownFileType = sourcecode.swift; path = "UIViewController++Extensions.swift"; sourceTree = "<group>"; };
		3F996E602CD64D9800910DE7 /* MenuReviewViewController.swift */ = {isa = PBXFileReference; lastKnownFileType = sourcecode.swift; path = MenuReviewViewController.swift; sourceTree = "<group>"; };
		3FBA45B02CD749730038960A /* MenuHeader.swift */ = {isa = PBXFileReference; lastKnownFileType = sourcecode.swift; path = MenuHeader.swift; sourceTree = "<group>"; };
		3FEDD4A02CB2B499009617A5 /* UIColor++Extensions.swift */ = {isa = PBXFileReference; lastKnownFileType = sourcecode.swift; path = "UIColor++Extensions.swift"; sourceTree = "<group>"; };
		496DDB09DB1CFA8537904C48 /* Pods-BJJ_iOS.release.xcconfig */ = {isa = PBXFileReference; includeInIndex = 1; lastKnownFileType = text.xcconfig; name = "Pods-BJJ_iOS.release.xcconfig"; path = "Target Support Files/Pods-BJJ_iOS/Pods-BJJ_iOS.release.xcconfig"; sourceTree = "<group>"; };
		6EA183F6162643F67ED49CA6 /* Pods-BJJ_iOS-BJJ_iOSUITests.debug.xcconfig */ = {isa = PBXFileReference; includeInIndex = 1; lastKnownFileType = text.xcconfig; name = "Pods-BJJ_iOS-BJJ_iOSUITests.debug.xcconfig"; path = "Target Support Files/Pods-BJJ_iOS-BJJ_iOSUITests/Pods-BJJ_iOS-BJJ_iOSUITests.debug.xcconfig"; sourceTree = "<group>"; };
		AE6147FC041336E536EA48C5 /* Pods-BJJ_iOSTests.release.xcconfig */ = {isa = PBXFileReference; includeInIndex = 1; lastKnownFileType = text.xcconfig; name = "Pods-BJJ_iOSTests.release.xcconfig"; path = "Target Support Files/Pods-BJJ_iOSTests/Pods-BJJ_iOSTests.release.xcconfig"; sourceTree = "<group>"; };
		CDC484312245658E58CCA3D6 /* Pods_BJJ_iOS_BJJ_iOSUITests.framework */ = {isa = PBXFileReference; explicitFileType = wrapper.framework; includeInIndex = 0; path = Pods_BJJ_iOS_BJJ_iOSUITests.framework; sourceTree = BUILT_PRODUCTS_DIR; };
		D8C9D7042EB9940DEF803384 /* Pods-BJJ_iOS-BJJ_iOSUITests.release.xcconfig */ = {isa = PBXFileReference; includeInIndex = 1; lastKnownFileType = text.xcconfig; name = "Pods-BJJ_iOS-BJJ_iOSUITests.release.xcconfig"; path = "Target Support Files/Pods-BJJ_iOS-BJJ_iOSUITests/Pods-BJJ_iOS-BJJ_iOSUITests.release.xcconfig"; sourceTree = "<group>"; };
		E75FD19DFF1E7EB47A2482C3 /* Pods-BJJ_iOSTests.debug.xcconfig */ = {isa = PBXFileReference; includeInIndex = 1; lastKnownFileType = text.xcconfig; name = "Pods-BJJ_iOSTests.debug.xcconfig"; path = "Target Support Files/Pods-BJJ_iOSTests/Pods-BJJ_iOSTests.debug.xcconfig"; sourceTree = "<group>"; };
		EC754E488571841B3C012092 /* Pods_BJJ_iOS.framework */ = {isa = PBXFileReference; explicitFileType = wrapper.framework; includeInIndex = 0; path = Pods_BJJ_iOS.framework; sourceTree = BUILT_PRODUCTS_DIR; };
/* End PBXFileReference section */

/* Begin PBXFrameworksBuildPhase section */
		3F25B3E22CB282D7005C0907 /* Frameworks */ = {
			isa = PBXFrameworksBuildPhase;
			buildActionMask = 2147483647;
			files = (
				3FEDD49F2CB2B3A8009617A5 /* PretendardKit in Frameworks */,
				01DC4B538F565897139BADB9 /* Pods_BJJ_iOS.framework in Frameworks */,
			);
			runOnlyForDeploymentPostprocessing = 0;
		};
		3F25B3F82CB282D8005C0907 /* Frameworks */ = {
			isa = PBXFrameworksBuildPhase;
			buildActionMask = 2147483647;
			files = (
				35ED9F4BBC05537E532973D0 /* Pods_BJJ_iOSTests.framework in Frameworks */,
			);
			runOnlyForDeploymentPostprocessing = 0;
		};
		3F25B4022CB282D8005C0907 /* Frameworks */ = {
			isa = PBXFrameworksBuildPhase;
			buildActionMask = 2147483647;
			files = (
				3016EF23BF999F3B2938CB21 /* Pods_BJJ_iOS_BJJ_iOSUITests.framework in Frameworks */,
			);
			runOnlyForDeploymentPostprocessing = 0;
		};
/* End PBXFrameworksBuildPhase section */

/* Begin PBXGroup section */
		3F25B3DC2CB282D7005C0907 = {
			isa = PBXGroup;
			children = (
				3F25B3E72CB282D7005C0907 /* BJJ_iOS */,
				3F25B3FE2CB282D8005C0907 /* BJJ_iOSTests */,
				3F25B4082CB282D8005C0907 /* BJJ_iOSUITests */,
				3F25B3E62CB282D7005C0907 /* Products */,
				C3A5D1CB8F3EC3DBE0DE8C77 /* Pods */,
				9958187AB4AC4379F96B0E4E /* Frameworks */,
			);
			sourceTree = "<group>";
		};
		3F25B3E62CB282D7005C0907 /* Products */ = {
			isa = PBXGroup;
			children = (
				3F25B3E52CB282D7005C0907 /* BJJ_iOS.app */,
				3F25B3FB2CB282D8005C0907 /* BJJ_iOSTests.xctest */,
				3F25B4052CB282D8005C0907 /* BJJ_iOSUITests.xctest */,
			);
			name = Products;
			sourceTree = "<group>";
		};
		3F25B3E72CB282D7005C0907 /* BJJ_iOS */ = {
			isa = PBXGroup;
			children = (
				3F25B4192CB283E7005C0907 /* Source */,
				3F25B4182CB283DD005C0907 /* Resource */,
			);
			path = BJJ_iOS;
			sourceTree = "<group>";
		};
		3F25B3FE2CB282D8005C0907 /* BJJ_iOSTests */ = {
			isa = PBXGroup;
			children = (
				3F25B3FF2CB282D8005C0907 /* BJJ_iOSTests.swift */,
			);
			path = BJJ_iOSTests;
			sourceTree = "<group>";
		};
		3F25B4082CB282D8005C0907 /* BJJ_iOSUITests */ = {
			isa = PBXGroup;
			children = (
				3F25B4092CB282D8005C0907 /* BJJ_iOSUITests.swift */,
				3F25B40B2CB282D8005C0907 /* BJJ_iOSUITestsLaunchTests.swift */,
			);
			path = BJJ_iOSUITests;
			sourceTree = "<group>";
		};
		3F25B4182CB283DD005C0907 /* Resource */ = {
			isa = PBXGroup;
			children = (
				3F25B3F12CB282D8005C0907 /* Assets.xcassets */,
				3F25B3F32CB282D8005C0907 /* LaunchScreen.storyboard */,
				3F25B3F62CB282D8005C0907 /* Info.plist */,
			);
			path = Resource;
			sourceTree = "<group>";
		};
		3F25B4192CB283E7005C0907 /* Source */ = {
			isa = PBXGroup;
			children = (
				3F25B41C2CB28420005C0907 /* Application */,
				3F25B41B2CB28419005C0907 /* Presentation */,
				3F25B41A2CB283FC005C0907 /* Extensions */,
			);
			path = Source;
			sourceTree = "<group>";
		};
		3F25B41A2CB283FC005C0907 /* Extensions */ = {
			isa = PBXGroup;
			children = (
				3F6F565D2CB2975C00A43EF6 /* UIFont++Extensions.swift */,
				3FEDD4A02CB2B499009617A5 /* UIColor++Extensions.swift */,
				3F61DF502CB31CCD00A019E8 /* UILabel++Extensions.swift */,
				3F61DF522CB320A900A019E8 /* UIButton++Extensions.swift */,
				3F996E562CD649C100910DE7 /* UIViewController++Extensions.swift */,
				3F47B9E72CD7716C00F8E2CB /* UIImage++Extensions.swift */,
			);
			path = Extensions;
			sourceTree = "<group>";
		};
		3F25B41B2CB28419005C0907 /* Presentation */ = {
			isa = PBXGroup;
			children = (
				3F25B41D2CB2842C005C0907 /* Tab */,
			);
			path = Presentation;
			sourceTree = "<group>";
		};
		3F25B41C2CB28420005C0907 /* Application */ = {
			isa = PBXGroup;
			children = (
				3F25B3E82CB282D7005C0907 /* AppDelegate.swift */,
				3F25B3EA2CB282D7005C0907 /* SceneDelegate.swift */,
			);
			path = Application;
			sourceTree = "<group>";
		};
		3F25B41D2CB2842C005C0907 /* Tab */ = {
			isa = PBXGroup;
			children = (
				3F25B41E2CB2843A005C0907 /* Home */,
			);
			path = Tab;
			sourceTree = "<group>";
		};
		3F25B41E2CB2843A005C0907 /* Home */ = {
			isa = PBXGroup;
			children = (
				3F996E582CD64BE900910DE7 /* Home */,
				3F996E592CD64BFC00910DE7 /* MenuDetail */,
			);
			path = Home;
			sourceTree = "<group>";
		};
		3F25B4202CB2844A005C0907 /* ViewController */ = {
			isa = PBXGroup;
			children = (
				3F25B3EC2CB282D7005C0907 /* HomeViewController.swift */,
			);
			path = ViewController;
			sourceTree = "<group>";
		};
		3F25B4212CB28450005C0907 /* View */ = {
			isa = PBXGroup;
			children = (
				3F3AB7D82CB3D59C0013FABA /* HomeTopView.swift */,
				3F61DF4C2CB31B1A00A019E8 /* HomeCafeteriaCell.swift */,
				3F61DF4E2CB31B2E00A019E8 /* HomeMenuCell.swift */,
				3F3AB7D62CB397F40013FABA /* HomeMenuRatingView.swift */,
			);
			path = View;
			sourceTree = "<group>";
		};
		3F25B4222CB28458005C0907 /* Reactor */ = {
			isa = PBXGroup;
			children = (
			);
			path = Reactor;
			sourceTree = "<group>";
		};
		3F25B4242CB28483005C0907 /* Model */ = {
			isa = PBXGroup;
			children = (
				3F61DF4A2CB3149600A019E8 /* HomeSection.swift */,
			);
			path = Model;
			sourceTree = "<group>";
		};
		3F996E582CD64BE900910DE7 /* Home */ = {
			isa = PBXGroup;
			children = (
				3F25B4242CB28483005C0907 /* Model */,
				3F25B4222CB28458005C0907 /* Reactor */,
				3F25B4212CB28450005C0907 /* View */,
				3F25B4202CB2844A005C0907 /* ViewController */,
			);
			path = Home;
			sourceTree = "<group>";
		};
		3F996E592CD64BFC00910DE7 /* MenuDetail */ = {
			isa = PBXGroup;
			children = (
				3F996E5D2CD64C2000910DE7 /* Model */,
				3F996E5C2CD64C1B00910DE7 /* Reactor */,
				3F996E5B2CD64C1200910DE7 /* View */,
				3F996E5A2CD64C0C00910DE7 /* ViewController */,
			);
			path = MenuDetail;
			sourceTree = "<group>";
		};
		3F996E5A2CD64C0C00910DE7 /* ViewController */ = {
			isa = PBXGroup;
			children = (
				3F996E602CD64D9800910DE7 /* MenuReviewViewController.swift */,
			);
			path = ViewController;
			sourceTree = "<group>";
		};
		3F996E5B2CD64C1200910DE7 /* View */ = {
			isa = PBXGroup;
			children = (
				3FBA45B02CD749730038960A /* MenuHeader.swift */,
				3F16131C2CD8487800A30369 /* MenuInfo.swift */,
				3F1613202CD84E0800A30369 /* MenuInfoHeaderView.swift */,
				3F16131E2CD84D0E00A30369 /* MenuInfoCell.swift */,
			);
			path = View;
			sourceTree = "<group>";
		};
		3F996E5C2CD64C1B00910DE7 /* Reactor */ = {
			isa = PBXGroup;
			children = (
			);
			path = Reactor;
			sourceTree = "<group>";
		};
		3F996E5D2CD64C2000910DE7 /* Model */ = {
			isa = PBXGroup;
			children = (
			);
			path = Model;
			sourceTree = "<group>";
		};
		9958187AB4AC4379F96B0E4E /* Frameworks */ = {
			isa = PBXGroup;
			children = (
				EC754E488571841B3C012092 /* Pods_BJJ_iOS.framework */,
				CDC484312245658E58CCA3D6 /* Pods_BJJ_iOS_BJJ_iOSUITests.framework */,
				183A6B16AAF9BFE808F0C4D0 /* Pods_BJJ_iOSTests.framework */,
			);
			name = Frameworks;
			sourceTree = "<group>";
		};
		C3A5D1CB8F3EC3DBE0DE8C77 /* Pods */ = {
			isa = PBXGroup;
			children = (
				12F648792F2CC9262FB5F176 /* Pods-BJJ_iOS.debug.xcconfig */,
				496DDB09DB1CFA8537904C48 /* Pods-BJJ_iOS.release.xcconfig */,
				6EA183F6162643F67ED49CA6 /* Pods-BJJ_iOS-BJJ_iOSUITests.debug.xcconfig */,
				D8C9D7042EB9940DEF803384 /* Pods-BJJ_iOS-BJJ_iOSUITests.release.xcconfig */,
				E75FD19DFF1E7EB47A2482C3 /* Pods-BJJ_iOSTests.debug.xcconfig */,
				AE6147FC041336E536EA48C5 /* Pods-BJJ_iOSTests.release.xcconfig */,
			);
			path = Pods;
			sourceTree = "<group>";
		};
/* End PBXGroup section */

/* Begin PBXNativeTarget section */
		3F25B3E42CB282D7005C0907 /* BJJ_iOS */ = {
			isa = PBXNativeTarget;
			buildConfigurationList = 3F25B40F2CB282D8005C0907 /* Build configuration list for PBXNativeTarget "BJJ_iOS" */;
			buildPhases = (
				729B9EFDCA8183A232E0108D /* [CP] Check Pods Manifest.lock */,
				3F25B3E12CB282D7005C0907 /* Sources */,
				3F25B3E22CB282D7005C0907 /* Frameworks */,
				3F25B3E32CB282D7005C0907 /* Resources */,
				59F720B39488075FAE7CEA1D /* [CP] Embed Pods Frameworks */,
			);
			buildRules = (
			);
			dependencies = (
			);
			name = BJJ_iOS;
			packageProductDependencies = (
				3FEDD49E2CB2B3A8009617A5 /* PretendardKit */,
			);
			productName = BJJ_iOS;
			productReference = 3F25B3E52CB282D7005C0907 /* BJJ_iOS.app */;
			productType = "com.apple.product-type.application";
		};
		3F25B3FA2CB282D8005C0907 /* BJJ_iOSTests */ = {
			isa = PBXNativeTarget;
			buildConfigurationList = 3F25B4122CB282D8005C0907 /* Build configuration list for PBXNativeTarget "BJJ_iOSTests" */;
			buildPhases = (
				7D677C0D169846A4A4248C65 /* [CP] Check Pods Manifest.lock */,
				3F25B3F72CB282D8005C0907 /* Sources */,
				3F25B3F82CB282D8005C0907 /* Frameworks */,
				3F25B3F92CB282D8005C0907 /* Resources */,
			);
			buildRules = (
			);
			dependencies = (
				3F25B3FD2CB282D8005C0907 /* PBXTargetDependency */,
			);
			name = BJJ_iOSTests;
			productName = BJJ_iOSTests;
			productReference = 3F25B3FB2CB282D8005C0907 /* BJJ_iOSTests.xctest */;
			productType = "com.apple.product-type.bundle.unit-test";
		};
		3F25B4042CB282D8005C0907 /* BJJ_iOSUITests */ = {
			isa = PBXNativeTarget;
			buildConfigurationList = 3F25B4152CB282D8005C0907 /* Build configuration list for PBXNativeTarget "BJJ_iOSUITests" */;
			buildPhases = (
				4BE6009CFB9D1D4138925C94 /* [CP] Check Pods Manifest.lock */,
				3F25B4012CB282D8005C0907 /* Sources */,
				3F25B4022CB282D8005C0907 /* Frameworks */,
				3F25B4032CB282D8005C0907 /* Resources */,
				F76DF3E45497C16BF22043F8 /* [CP] Embed Pods Frameworks */,
			);
			buildRules = (
			);
			dependencies = (
				3F25B4072CB282D8005C0907 /* PBXTargetDependency */,
			);
			name = BJJ_iOSUITests;
			productName = BJJ_iOSUITests;
			productReference = 3F25B4052CB282D8005C0907 /* BJJ_iOSUITests.xctest */;
			productType = "com.apple.product-type.bundle.ui-testing";
		};
/* End PBXNativeTarget section */

/* Begin PBXProject section */
		3F25B3DD2CB282D7005C0907 /* Project object */ = {
			isa = PBXProject;
			attributes = {
				BuildIndependentTargetsInParallel = 1;
				LastSwiftUpdateCheck = 1540;
				LastUpgradeCheck = 1540;
				TargetAttributes = {
					3F25B3E42CB282D7005C0907 = {
						CreatedOnToolsVersion = 15.4;
					};
					3F25B3FA2CB282D8005C0907 = {
						CreatedOnToolsVersion = 15.4;
						TestTargetID = 3F25B3E42CB282D7005C0907;
					};
					3F25B4042CB282D8005C0907 = {
						CreatedOnToolsVersion = 15.4;
						TestTargetID = 3F25B3E42CB282D7005C0907;
					};
				};
			};
			buildConfigurationList = 3F25B3E02CB282D7005C0907 /* Build configuration list for PBXProject "BJJ_iOS" */;
			compatibilityVersion = "Xcode 14.0";
			developmentRegion = en;
			hasScannedForEncodings = 0;
			knownRegions = (
				en,
				Base,
			);
			mainGroup = 3F25B3DC2CB282D7005C0907;
			packageReferences = (
				3FEDD49D2CB2B21B009617A5 /* XCRemoteSwiftPackageReference "PretendardKit" */,
			);
			productRefGroup = 3F25B3E62CB282D7005C0907 /* Products */;
			projectDirPath = "";
			projectRoot = "";
			targets = (
				3F25B3E42CB282D7005C0907 /* BJJ_iOS */,
				3F25B3FA2CB282D8005C0907 /* BJJ_iOSTests */,
				3F25B4042CB282D8005C0907 /* BJJ_iOSUITests */,
			);
		};
/* End PBXProject section */

/* Begin PBXResourcesBuildPhase section */
		3F25B3E32CB282D7005C0907 /* Resources */ = {
			isa = PBXResourcesBuildPhase;
			buildActionMask = 2147483647;
			files = (
				3F25B3F22CB282D8005C0907 /* Assets.xcassets in Resources */,
				3F25B3F52CB282D8005C0907 /* Base in Resources */,
			);
			runOnlyForDeploymentPostprocessing = 0;
		};
		3F25B3F92CB282D8005C0907 /* Resources */ = {
			isa = PBXResourcesBuildPhase;
			buildActionMask = 2147483647;
			files = (
			);
			runOnlyForDeploymentPostprocessing = 0;
		};
		3F25B4032CB282D8005C0907 /* Resources */ = {
			isa = PBXResourcesBuildPhase;
			buildActionMask = 2147483647;
			files = (
			);
			runOnlyForDeploymentPostprocessing = 0;
		};
/* End PBXResourcesBuildPhase section */

/* Begin PBXShellScriptBuildPhase section */
		4BE6009CFB9D1D4138925C94 /* [CP] Check Pods Manifest.lock */ = {
			isa = PBXShellScriptBuildPhase;
			buildActionMask = 2147483647;
			files = (
			);
			inputFileListPaths = (
			);
			inputPaths = (
				"${PODS_PODFILE_DIR_PATH}/Podfile.lock",
				"${PODS_ROOT}/Manifest.lock",
			);
			name = "[CP] Check Pods Manifest.lock";
			outputFileListPaths = (
			);
			outputPaths = (
				"$(DERIVED_FILE_DIR)/Pods-BJJ_iOS-BJJ_iOSUITests-checkManifestLockResult.txt",
			);
			runOnlyForDeploymentPostprocessing = 0;
			shellPath = /bin/sh;
			shellScript = "diff \"${PODS_PODFILE_DIR_PATH}/Podfile.lock\" \"${PODS_ROOT}/Manifest.lock\" > /dev/null\nif [ $? != 0 ] ; then\n    # print error to STDERR\n    echo \"error: The sandbox is not in sync with the Podfile.lock. Run 'pod install' or update your CocoaPods installation.\" >&2\n    exit 1\nfi\n# This output is used by Xcode 'outputs' to avoid re-running this script phase.\necho \"SUCCESS\" > \"${SCRIPT_OUTPUT_FILE_0}\"\n";
			showEnvVarsInLog = 0;
		};
		59F720B39488075FAE7CEA1D /* [CP] Embed Pods Frameworks */ = {
			isa = PBXShellScriptBuildPhase;
			buildActionMask = 2147483647;
			files = (
			);
			inputFileListPaths = (
				"${PODS_ROOT}/Target Support Files/Pods-BJJ_iOS/Pods-BJJ_iOS-frameworks-${CONFIGURATION}-input-files.xcfilelist",
			);
			name = "[CP] Embed Pods Frameworks";
			outputFileListPaths = (
				"${PODS_ROOT}/Target Support Files/Pods-BJJ_iOS/Pods-BJJ_iOS-frameworks-${CONFIGURATION}-output-files.xcfilelist",
			);
			runOnlyForDeploymentPostprocessing = 0;
			shellPath = /bin/sh;
			shellScript = "\"${PODS_ROOT}/Target Support Files/Pods-BJJ_iOS/Pods-BJJ_iOS-frameworks.sh\"\n";
			showEnvVarsInLog = 0;
		};
		729B9EFDCA8183A232E0108D /* [CP] Check Pods Manifest.lock */ = {
			isa = PBXShellScriptBuildPhase;
			buildActionMask = 2147483647;
			files = (
			);
			inputFileListPaths = (
			);
			inputPaths = (
				"${PODS_PODFILE_DIR_PATH}/Podfile.lock",
				"${PODS_ROOT}/Manifest.lock",
			);
			name = "[CP] Check Pods Manifest.lock";
			outputFileListPaths = (
			);
			outputPaths = (
				"$(DERIVED_FILE_DIR)/Pods-BJJ_iOS-checkManifestLockResult.txt",
			);
			runOnlyForDeploymentPostprocessing = 0;
			shellPath = /bin/sh;
			shellScript = "diff \"${PODS_PODFILE_DIR_PATH}/Podfile.lock\" \"${PODS_ROOT}/Manifest.lock\" > /dev/null\nif [ $? != 0 ] ; then\n    # print error to STDERR\n    echo \"error: The sandbox is not in sync with the Podfile.lock. Run 'pod install' or update your CocoaPods installation.\" >&2\n    exit 1\nfi\n# This output is used by Xcode 'outputs' to avoid re-running this script phase.\necho \"SUCCESS\" > \"${SCRIPT_OUTPUT_FILE_0}\"\n";
			showEnvVarsInLog = 0;
		};
		7D677C0D169846A4A4248C65 /* [CP] Check Pods Manifest.lock */ = {
			isa = PBXShellScriptBuildPhase;
			buildActionMask = 2147483647;
			files = (
			);
			inputFileListPaths = (
			);
			inputPaths = (
				"${PODS_PODFILE_DIR_PATH}/Podfile.lock",
				"${PODS_ROOT}/Manifest.lock",
			);
			name = "[CP] Check Pods Manifest.lock";
			outputFileListPaths = (
			);
			outputPaths = (
				"$(DERIVED_FILE_DIR)/Pods-BJJ_iOSTests-checkManifestLockResult.txt",
			);
			runOnlyForDeploymentPostprocessing = 0;
			shellPath = /bin/sh;
			shellScript = "diff \"${PODS_PODFILE_DIR_PATH}/Podfile.lock\" \"${PODS_ROOT}/Manifest.lock\" > /dev/null\nif [ $? != 0 ] ; then\n    # print error to STDERR\n    echo \"error: The sandbox is not in sync with the Podfile.lock. Run 'pod install' or update your CocoaPods installation.\" >&2\n    exit 1\nfi\n# This output is used by Xcode 'outputs' to avoid re-running this script phase.\necho \"SUCCESS\" > \"${SCRIPT_OUTPUT_FILE_0}\"\n";
			showEnvVarsInLog = 0;
		};
		F76DF3E45497C16BF22043F8 /* [CP] Embed Pods Frameworks */ = {
			isa = PBXShellScriptBuildPhase;
			buildActionMask = 2147483647;
			files = (
			);
			inputFileListPaths = (
				"${PODS_ROOT}/Target Support Files/Pods-BJJ_iOS-BJJ_iOSUITests/Pods-BJJ_iOS-BJJ_iOSUITests-frameworks-${CONFIGURATION}-input-files.xcfilelist",
			);
			name = "[CP] Embed Pods Frameworks";
			outputFileListPaths = (
				"${PODS_ROOT}/Target Support Files/Pods-BJJ_iOS-BJJ_iOSUITests/Pods-BJJ_iOS-BJJ_iOSUITests-frameworks-${CONFIGURATION}-output-files.xcfilelist",
			);
			runOnlyForDeploymentPostprocessing = 0;
			shellPath = /bin/sh;
			shellScript = "\"${PODS_ROOT}/Target Support Files/Pods-BJJ_iOS-BJJ_iOSUITests/Pods-BJJ_iOS-BJJ_iOSUITests-frameworks.sh\"\n";
			showEnvVarsInLog = 0;
		};
/* End PBXShellScriptBuildPhase section */

/* Begin PBXSourcesBuildPhase section */
		3F25B3E12CB282D7005C0907 /* Sources */ = {
			isa = PBXSourcesBuildPhase;
			buildActionMask = 2147483647;
			files = (
				3F61DF4D2CB31B1A00A019E8 /* HomeCafeteriaCell.swift in Sources */,
				3F3AB7D72CB397F40013FABA /* HomeMenuRatingView.swift in Sources */,
				3F61DF532CB320A900A019E8 /* UIButton++Extensions.swift in Sources */,
				3F3AB7D92CB3D59C0013FABA /* HomeTopView.swift in Sources */,
				3F25B3ED2CB282D7005C0907 /* HomeViewController.swift in Sources */,
				3F16131D2CD8487800A30369 /* MenuInfo.swift in Sources */,
				3FEDD4A12CB2B499009617A5 /* UIColor++Extensions.swift in Sources */,
				3F61DF4F2CB31B2E00A019E8 /* HomeMenuCell.swift in Sources */,
				3F61DF4B2CB3149600A019E8 /* HomeSection.swift in Sources */,
				3F61DF512CB31CCD00A019E8 /* UILabel++Extensions.swift in Sources */,
				3FBA45B12CD749730038960A /* MenuHeader.swift in Sources */,
				3F25B3E92CB282D7005C0907 /* AppDelegate.swift in Sources */,
				3F47B9E82CD7716C00F8E2CB /* UIImage++Extensions.swift in Sources */,
				3F6F565E2CB2975C00A43EF6 /* UIFont++Extensions.swift in Sources */,
				3F25B3EB2CB282D7005C0907 /* SceneDelegate.swift in Sources */,
				3F996E612CD64D9800910DE7 /* MenuReviewViewController.swift in Sources */,
				3F16131F2CD84D0E00A30369 /* MenuInfoCell.swift in Sources */,
				3F1613212CD84E0800A30369 /* MenuInfoHeaderView.swift in Sources */,
				3F996E572CD649C100910DE7 /* UIViewController++Extensions.swift in Sources */,
			);
			runOnlyForDeploymentPostprocessing = 0;
		};
		3F25B3F72CB282D8005C0907 /* Sources */ = {
			isa = PBXSourcesBuildPhase;
			buildActionMask = 2147483647;
			files = (
				3F25B4002CB282D8005C0907 /* BJJ_iOSTests.swift in Sources */,
			);
			runOnlyForDeploymentPostprocessing = 0;
		};
		3F25B4012CB282D8005C0907 /* Sources */ = {
			isa = PBXSourcesBuildPhase;
			buildActionMask = 2147483647;
			files = (
				3F25B40A2CB282D8005C0907 /* BJJ_iOSUITests.swift in Sources */,
				3F25B40C2CB282D8005C0907 /* BJJ_iOSUITestsLaunchTests.swift in Sources */,
			);
			runOnlyForDeploymentPostprocessing = 0;
		};
/* End PBXSourcesBuildPhase section */

/* Begin PBXTargetDependency section */
		3F25B3FD2CB282D8005C0907 /* PBXTargetDependency */ = {
			isa = PBXTargetDependency;
			target = 3F25B3E42CB282D7005C0907 /* BJJ_iOS */;
			targetProxy = 3F25B3FC2CB282D8005C0907 /* PBXContainerItemProxy */;
		};
		3F25B4072CB282D8005C0907 /* PBXTargetDependency */ = {
			isa = PBXTargetDependency;
			target = 3F25B3E42CB282D7005C0907 /* BJJ_iOS */;
			targetProxy = 3F25B4062CB282D8005C0907 /* PBXContainerItemProxy */;
		};
/* End PBXTargetDependency section */

/* Begin PBXVariantGroup section */
		3F25B3F32CB282D8005C0907 /* LaunchScreen.storyboard */ = {
			isa = PBXVariantGroup;
			children = (
				3F25B3F42CB282D8005C0907 /* Base */,
			);
			name = LaunchScreen.storyboard;
			sourceTree = "<group>";
		};
/* End PBXVariantGroup section */

/* Begin XCBuildConfiguration section */
		3F25B40D2CB282D8005C0907 /* Debug */ = {
			isa = XCBuildConfiguration;
			buildSettings = {
				ALWAYS_EMBED_SWIFT_STANDARD_LIBRARIES = NO;
				ALWAYS_SEARCH_USER_PATHS = NO;
				ASSETCATALOG_COMPILER_GENERATE_SWIFT_ASSET_SYMBOL_EXTENSIONS = YES;
				CLANG_ANALYZER_NONNULL = YES;
				CLANG_ANALYZER_NUMBER_OBJECT_CONVERSION = YES_AGGRESSIVE;
				CLANG_CXX_LANGUAGE_STANDARD = "gnu++20";
				CLANG_ENABLE_MODULES = YES;
				CLANG_ENABLE_OBJC_ARC = YES;
				CLANG_ENABLE_OBJC_WEAK = YES;
				CLANG_WARN_BLOCK_CAPTURE_AUTORELEASING = YES;
				CLANG_WARN_BOOL_CONVERSION = YES;
				CLANG_WARN_COMMA = YES;
				CLANG_WARN_CONSTANT_CONVERSION = YES;
				CLANG_WARN_DEPRECATED_OBJC_IMPLEMENTATIONS = YES;
				CLANG_WARN_DIRECT_OBJC_ISA_USAGE = YES_ERROR;
				CLANG_WARN_DOCUMENTATION_COMMENTS = YES;
				CLANG_WARN_EMPTY_BODY = YES;
				CLANG_WARN_ENUM_CONVERSION = YES;
				CLANG_WARN_INFINITE_RECURSION = YES;
				CLANG_WARN_INT_CONVERSION = YES;
				CLANG_WARN_NON_LITERAL_NULL_CONVERSION = YES;
				CLANG_WARN_OBJC_IMPLICIT_RETAIN_SELF = YES;
				CLANG_WARN_OBJC_LITERAL_CONVERSION = YES;
				CLANG_WARN_OBJC_ROOT_CLASS = YES_ERROR;
				CLANG_WARN_QUOTED_INCLUDE_IN_FRAMEWORK_HEADER = YES;
				CLANG_WARN_RANGE_LOOP_ANALYSIS = YES;
				CLANG_WARN_STRICT_PROTOTYPES = YES;
				CLANG_WARN_SUSPICIOUS_MOVE = YES;
				CLANG_WARN_UNGUARDED_AVAILABILITY = YES_AGGRESSIVE;
				CLANG_WARN_UNREACHABLE_CODE = YES;
				CLANG_WARN__DUPLICATE_METHOD_MATCH = YES;
				COPY_PHASE_STRIP = NO;
				DEBUG_INFORMATION_FORMAT = dwarf;
				ENABLE_STRICT_OBJC_MSGSEND = YES;
				ENABLE_TESTABILITY = YES;
				ENABLE_USER_SCRIPT_SANDBOXING = NO;
				GCC_C_LANGUAGE_STANDARD = gnu17;
				GCC_DYNAMIC_NO_PIC = NO;
				GCC_NO_COMMON_BLOCKS = YES;
				GCC_OPTIMIZATION_LEVEL = 0;
				GCC_PREPROCESSOR_DEFINITIONS = (
					"DEBUG=1",
					"$(inherited)",
				);
				GCC_WARN_64_TO_32_BIT_CONVERSION = YES;
				GCC_WARN_ABOUT_RETURN_TYPE = YES_ERROR;
				GCC_WARN_UNDECLARED_SELECTOR = YES;
				GCC_WARN_UNINITIALIZED_AUTOS = YES_AGGRESSIVE;
				GCC_WARN_UNUSED_FUNCTION = YES;
				GCC_WARN_UNUSED_VARIABLE = YES;
				IPHONEOS_DEPLOYMENT_TARGET = 17.5;
				LOCALIZATION_PREFERS_STRING_CATALOGS = YES;
				MTL_ENABLE_DEBUG_INFO = INCLUDE_SOURCE;
				MTL_FAST_MATH = YES;
				ONLY_ACTIVE_ARCH = YES;
				SDKROOT = iphoneos;
				SWIFT_ACTIVE_COMPILATION_CONDITIONS = "DEBUG $(inherited)";
				SWIFT_OPTIMIZATION_LEVEL = "-Onone";
			};
			name = Debug;
		};
		3F25B40E2CB282D8005C0907 /* Release */ = {
			isa = XCBuildConfiguration;
			buildSettings = {
				ALWAYS_EMBED_SWIFT_STANDARD_LIBRARIES = NO;
				ALWAYS_SEARCH_USER_PATHS = NO;
				ASSETCATALOG_COMPILER_GENERATE_SWIFT_ASSET_SYMBOL_EXTENSIONS = YES;
				CLANG_ANALYZER_NONNULL = YES;
				CLANG_ANALYZER_NUMBER_OBJECT_CONVERSION = YES_AGGRESSIVE;
				CLANG_CXX_LANGUAGE_STANDARD = "gnu++20";
				CLANG_ENABLE_MODULES = YES;
				CLANG_ENABLE_OBJC_ARC = YES;
				CLANG_ENABLE_OBJC_WEAK = YES;
				CLANG_WARN_BLOCK_CAPTURE_AUTORELEASING = YES;
				CLANG_WARN_BOOL_CONVERSION = YES;
				CLANG_WARN_COMMA = YES;
				CLANG_WARN_CONSTANT_CONVERSION = YES;
				CLANG_WARN_DEPRECATED_OBJC_IMPLEMENTATIONS = YES;
				CLANG_WARN_DIRECT_OBJC_ISA_USAGE = YES_ERROR;
				CLANG_WARN_DOCUMENTATION_COMMENTS = YES;
				CLANG_WARN_EMPTY_BODY = YES;
				CLANG_WARN_ENUM_CONVERSION = YES;
				CLANG_WARN_INFINITE_RECURSION = YES;
				CLANG_WARN_INT_CONVERSION = YES;
				CLANG_WARN_NON_LITERAL_NULL_CONVERSION = YES;
				CLANG_WARN_OBJC_IMPLICIT_RETAIN_SELF = YES;
				CLANG_WARN_OBJC_LITERAL_CONVERSION = YES;
				CLANG_WARN_OBJC_ROOT_CLASS = YES_ERROR;
				CLANG_WARN_QUOTED_INCLUDE_IN_FRAMEWORK_HEADER = YES;
				CLANG_WARN_RANGE_LOOP_ANALYSIS = YES;
				CLANG_WARN_STRICT_PROTOTYPES = YES;
				CLANG_WARN_SUSPICIOUS_MOVE = YES;
				CLANG_WARN_UNGUARDED_AVAILABILITY = YES_AGGRESSIVE;
				CLANG_WARN_UNREACHABLE_CODE = YES;
				CLANG_WARN__DUPLICATE_METHOD_MATCH = YES;
				COPY_PHASE_STRIP = NO;
				DEBUG_INFORMATION_FORMAT = "dwarf-with-dsym";
				ENABLE_NS_ASSERTIONS = NO;
				ENABLE_STRICT_OBJC_MSGSEND = YES;
				ENABLE_USER_SCRIPT_SANDBOXING = NO;
				GCC_C_LANGUAGE_STANDARD = gnu17;
				GCC_NO_COMMON_BLOCKS = YES;
				GCC_WARN_64_TO_32_BIT_CONVERSION = YES;
				GCC_WARN_ABOUT_RETURN_TYPE = YES_ERROR;
				GCC_WARN_UNDECLARED_SELECTOR = YES;
				GCC_WARN_UNINITIALIZED_AUTOS = YES_AGGRESSIVE;
				GCC_WARN_UNUSED_FUNCTION = YES;
				GCC_WARN_UNUSED_VARIABLE = YES;
				IPHONEOS_DEPLOYMENT_TARGET = 17.5;
				LOCALIZATION_PREFERS_STRING_CATALOGS = YES;
				MTL_ENABLE_DEBUG_INFO = NO;
				MTL_FAST_MATH = YES;
				SDKROOT = iphoneos;
				SWIFT_COMPILATION_MODE = wholemodule;
				VALIDATE_PRODUCT = YES;
			};
			name = Release;
		};
		3F25B4102CB282D8005C0907 /* Debug */ = {
			isa = XCBuildConfiguration;
			baseConfigurationReference = 12F648792F2CC9262FB5F176 /* Pods-BJJ_iOS.debug.xcconfig */;
			buildSettings = {
				ALWAYS_EMBED_SWIFT_STANDARD_LIBRARIES = "$(inherited)";
				ASSETCATALOG_COMPILER_APPICON_NAME = AppIcon;
				ASSETCATALOG_COMPILER_GLOBAL_ACCENT_COLOR_NAME = AccentColor;
				CODE_SIGN_STYLE = Automatic;
				CURRENT_PROJECT_VERSION = 1;
				GENERATE_INFOPLIST_FILE = YES;
				INFOPLIST_FILE = BJJ_iOS/Resource/Info.plist;
				INFOPLIST_KEY_UIApplicationSupportsIndirectInputEvents = YES;
				INFOPLIST_KEY_UILaunchStoryboardName = LaunchScreen;
				INFOPLIST_KEY_UIMainStoryboardFile = "";
				INFOPLIST_KEY_UISupportedInterfaceOrientations_iPad = "UIInterfaceOrientationPortrait UIInterfaceOrientationPortraitUpsideDown UIInterfaceOrientationLandscapeLeft UIInterfaceOrientationLandscapeRight";
				INFOPLIST_KEY_UISupportedInterfaceOrientations_iPhone = "UIInterfaceOrientationPortrait UIInterfaceOrientationLandscapeLeft UIInterfaceOrientationLandscapeRight";
				LD_RUNPATH_SEARCH_PATHS = (
					"$(inherited)",
					"@executable_path/Frameworks",
				);
				MARKETING_VERSION = 1.0;
				PRODUCT_BUNDLE_IDENTIFIER = "com.dinstudio.BJJ-iOS";
				PRODUCT_NAME = "$(TARGET_NAME)";
				SWIFT_EMIT_LOC_STRINGS = YES;
				SWIFT_VERSION = 5.0;
				TARGETED_DEVICE_FAMILY = "1,2";
			};
			name = Debug;
		};
		3F25B4112CB282D8005C0907 /* Release */ = {
			isa = XCBuildConfiguration;
			baseConfigurationReference = 496DDB09DB1CFA8537904C48 /* Pods-BJJ_iOS.release.xcconfig */;
			buildSettings = {
				ALWAYS_EMBED_SWIFT_STANDARD_LIBRARIES = "$(inherited)";
				ASSETCATALOG_COMPILER_APPICON_NAME = AppIcon;
				ASSETCATALOG_COMPILER_GLOBAL_ACCENT_COLOR_NAME = AccentColor;
				CODE_SIGN_STYLE = Automatic;
				CURRENT_PROJECT_VERSION = 1;
				GENERATE_INFOPLIST_FILE = YES;
				INFOPLIST_FILE = BJJ_iOS/Resource/Info.plist;
				INFOPLIST_KEY_UIApplicationSupportsIndirectInputEvents = YES;
				INFOPLIST_KEY_UILaunchStoryboardName = LaunchScreen;
				INFOPLIST_KEY_UIMainStoryboardFile = "";
				INFOPLIST_KEY_UISupportedInterfaceOrientations_iPad = "UIInterfaceOrientationPortrait UIInterfaceOrientationPortraitUpsideDown UIInterfaceOrientationLandscapeLeft UIInterfaceOrientationLandscapeRight";
				INFOPLIST_KEY_UISupportedInterfaceOrientations_iPhone = "UIInterfaceOrientationPortrait UIInterfaceOrientationLandscapeLeft UIInterfaceOrientationLandscapeRight";
				LD_RUNPATH_SEARCH_PATHS = (
					"$(inherited)",
					"@executable_path/Frameworks",
				);
				MARKETING_VERSION = 1.0;
				PRODUCT_BUNDLE_IDENTIFIER = "com.dinstudio.BJJ-iOS";
				PRODUCT_NAME = "$(TARGET_NAME)";
				SWIFT_EMIT_LOC_STRINGS = YES;
				SWIFT_VERSION = 5.0;
				TARGETED_DEVICE_FAMILY = "1,2";
			};
			name = Release;
		};
		3F25B4132CB282D8005C0907 /* Debug */ = {
			isa = XCBuildConfiguration;
			baseConfigurationReference = E75FD19DFF1E7EB47A2482C3 /* Pods-BJJ_iOSTests.debug.xcconfig */;
			buildSettings = {
				ALWAYS_EMBED_SWIFT_STANDARD_LIBRARIES = YES;
				BUNDLE_LOADER = "$(TEST_HOST)";
				CODE_SIGN_STYLE = Automatic;
				CURRENT_PROJECT_VERSION = 1;
				GENERATE_INFOPLIST_FILE = YES;
				IPHONEOS_DEPLOYMENT_TARGET = 17.5;
				MARKETING_VERSION = 1.0;
				PRODUCT_BUNDLE_IDENTIFIER = "com.dinstudio.BJJ-iOSTests";
				PRODUCT_NAME = "$(TARGET_NAME)";
				SWIFT_EMIT_LOC_STRINGS = NO;
				SWIFT_VERSION = 5.0;
				TARGETED_DEVICE_FAMILY = "1,2";
				TEST_HOST = "$(BUILT_PRODUCTS_DIR)/BJJ_iOS.app/$(BUNDLE_EXECUTABLE_FOLDER_PATH)/BJJ_iOS";
			};
			name = Debug;
		};
		3F25B4142CB282D8005C0907 /* Release */ = {
			isa = XCBuildConfiguration;
			baseConfigurationReference = AE6147FC041336E536EA48C5 /* Pods-BJJ_iOSTests.release.xcconfig */;
			buildSettings = {
				ALWAYS_EMBED_SWIFT_STANDARD_LIBRARIES = YES;
				BUNDLE_LOADER = "$(TEST_HOST)";
				CODE_SIGN_STYLE = Automatic;
				CURRENT_PROJECT_VERSION = 1;
				GENERATE_INFOPLIST_FILE = YES;
				IPHONEOS_DEPLOYMENT_TARGET = 17.5;
				MARKETING_VERSION = 1.0;
				PRODUCT_BUNDLE_IDENTIFIER = "com.dinstudio.BJJ-iOSTests";
				PRODUCT_NAME = "$(TARGET_NAME)";
				SWIFT_EMIT_LOC_STRINGS = NO;
				SWIFT_VERSION = 5.0;
				TARGETED_DEVICE_FAMILY = "1,2";
				TEST_HOST = "$(BUILT_PRODUCTS_DIR)/BJJ_iOS.app/$(BUNDLE_EXECUTABLE_FOLDER_PATH)/BJJ_iOS";
			};
			name = Release;
		};
		3F25B4162CB282D8005C0907 /* Debug */ = {
			isa = XCBuildConfiguration;
			baseConfigurationReference = 6EA183F6162643F67ED49CA6 /* Pods-BJJ_iOS-BJJ_iOSUITests.debug.xcconfig */;
			buildSettings = {
				ALWAYS_EMBED_SWIFT_STANDARD_LIBRARIES = "$(inherited)";
				CODE_SIGN_STYLE = Automatic;
				CURRENT_PROJECT_VERSION = 1;
				GENERATE_INFOPLIST_FILE = YES;
				MARKETING_VERSION = 1.0;
				PRODUCT_BUNDLE_IDENTIFIER = "com.dinstudio.BJJ-iOSUITests";
				PRODUCT_NAME = "$(TARGET_NAME)";
				SWIFT_EMIT_LOC_STRINGS = NO;
				SWIFT_VERSION = 5.0;
				TARGETED_DEVICE_FAMILY = "1,2";
				TEST_TARGET_NAME = BJJ_iOS;
			};
			name = Debug;
		};
		3F25B4172CB282D8005C0907 /* Release */ = {
			isa = XCBuildConfiguration;
			baseConfigurationReference = D8C9D7042EB9940DEF803384 /* Pods-BJJ_iOS-BJJ_iOSUITests.release.xcconfig */;
			buildSettings = {
				ALWAYS_EMBED_SWIFT_STANDARD_LIBRARIES = "$(inherited)";
				CODE_SIGN_STYLE = Automatic;
				CURRENT_PROJECT_VERSION = 1;
				GENERATE_INFOPLIST_FILE = YES;
				MARKETING_VERSION = 1.0;
				PRODUCT_BUNDLE_IDENTIFIER = "com.dinstudio.BJJ-iOSUITests";
				PRODUCT_NAME = "$(TARGET_NAME)";
				SWIFT_EMIT_LOC_STRINGS = NO;
				SWIFT_VERSION = 5.0;
				TARGETED_DEVICE_FAMILY = "1,2";
				TEST_TARGET_NAME = BJJ_iOS;
			};
			name = Release;
		};
/* End XCBuildConfiguration section */

/* Begin XCConfigurationList section */
		3F25B3E02CB282D7005C0907 /* Build configuration list for PBXProject "BJJ_iOS" */ = {
			isa = XCConfigurationList;
			buildConfigurations = (
				3F25B40D2CB282D8005C0907 /* Debug */,
				3F25B40E2CB282D8005C0907 /* Release */,
			);
			defaultConfigurationIsVisible = 0;
			defaultConfigurationName = Release;
		};
		3F25B40F2CB282D8005C0907 /* Build configuration list for PBXNativeTarget "BJJ_iOS" */ = {
			isa = XCConfigurationList;
			buildConfigurations = (
				3F25B4102CB282D8005C0907 /* Debug */,
				3F25B4112CB282D8005C0907 /* Release */,
			);
			defaultConfigurationIsVisible = 0;
			defaultConfigurationName = Release;
		};
		3F25B4122CB282D8005C0907 /* Build configuration list for PBXNativeTarget "BJJ_iOSTests" */ = {
			isa = XCConfigurationList;
			buildConfigurations = (
				3F25B4132CB282D8005C0907 /* Debug */,
				3F25B4142CB282D8005C0907 /* Release */,
			);
			defaultConfigurationIsVisible = 0;
			defaultConfigurationName = Release;
		};
		3F25B4152CB282D8005C0907 /* Build configuration list for PBXNativeTarget "BJJ_iOSUITests" */ = {
			isa = XCConfigurationList;
			buildConfigurations = (
				3F25B4162CB282D8005C0907 /* Debug */,
				3F25B4172CB282D8005C0907 /* Release */,
			);
			defaultConfigurationIsVisible = 0;
			defaultConfigurationName = Release;
		};
/* End XCConfigurationList section */

/* Begin XCRemoteSwiftPackageReference section */
		3FEDD49D2CB2B21B009617A5 /* XCRemoteSwiftPackageReference "PretendardKit" */ = {
			isa = XCRemoteSwiftPackageReference;
			repositoryURL = "https://github.com/wookeon/PretendardKit.git";
			requirement = {
				kind = upToNextMajorVersion;
				minimumVersion = 1.0.0;
			};
		};
/* End XCRemoteSwiftPackageReference section */

/* Begin XCSwiftPackageProductDependency section */
		3FEDD49E2CB2B3A8009617A5 /* PretendardKit */ = {
			isa = XCSwiftPackageProductDependency;
			package = 3FEDD49D2CB2B21B009617A5 /* XCRemoteSwiftPackageReference "PretendardKit" */;
			productName = PretendardKit;
		};
/* End XCSwiftPackageProductDependency section */
	};
	rootObject = 3F25B3DD2CB282D7005C0907 /* Project object */;
}
